{
    "_readme": [
        "This file locks the dependencies of your project to a known state",
        "Read more about it at https://getcomposer.org/doc/01-basic-usage.md#installing-dependencies",
        "This file is @generated automatically"
    ],
    "content-hash": "5218de23a383d6d5251a6e7263a65acf",
    "packages": [
        {
            "name": "metaregistrar/php-epp-client",
            "version": "1.0.9",
            "source": {
                "type": "git",
                "url": "https://github.com/metaregistrar/php-epp-client.git",
                "reference": "fa10812ad758cefe58151e716e5e4af349a40386"
            },
            "dist": {
                "type": "zip",
                "url": "https://api.github.com/repos/metaregistrar/php-epp-client/zipball/fa10812ad758cefe58151e716e5e4af349a40386",
                "reference": "fa10812ad758cefe58151e716e5e4af349a40386",
                "shasum": ""
            },
            "require": {
                "php": "^7"
            },
            "require-dev": {
                "phpunit/phpunit": "^7"
            },
            "type": "library",
            "autoload": {
                "classmap": [
                    "Protocols/",
                    "Registries/"
                ]
            },
            "notification-url": "https://packagist.org/downloads/",
            "license": [
                "MIT"
            ],
            "authors": [
                {
                    "name": "Ewout de Graaf",
                    "email": "ewout@metaregistrar.com"
                }
            ],
            "description": "Object-oriented PHP EPP Client",
            "homepage": "https://github.com/metaregistrar/php-epp-client",
            "keywords": [
                "domains",
                "epp",
                "xml"
            ],
            "time": "2019-09-11T12:29:13+00:00"
        }
    ],
    "packages-dev": [],
    "aliases": [],
    "minimum-stability": "dev",
    "stability-flags": [],
    "prefer-stable": true,
    "prefer-lowest": false,
    "platform": {
        "php": "^7.2"
    },
    "platform-dev": []
}
